
Microsoft Visual Studio Solution File, Format Version 12.00
# Visual Studio Version 16
VisualStudioVersion = 16.0.28803.202
MinimumVisualStudioVersion = 10.0.40219.1
Project("{FAE04EC0-301F-11D3-BF4B-00C04F79EFBC}") = "ArrayTest3", "ArrayTest3.csproj", "{64E6D788-D1C7-4268-B1BF-EA1CE75CECDC}"
EndProject
Global
	GlobalSection(SolutionConfigurationPlatforms) = preSolution
		Debug|Any CPU = Debug|Any CPU
		Release|Any CPU = Release|Any CPU
	EndGlobalSection
	GlobalSection(ProjectConfigurationPlatforms) = postSolution
		{64E6D788-D1C7-4268-B1BF-EA1CE75CECDC}.Debug|Any CPU.ActiveCfg = Debug|Any CPU
		{64E6D788-D1C7-4268-B1BF-EA1CE75CECDC}.Debug|Any CPU.Build.0 = Debug|Any CPU
		{64E6D788-D1C7-4268-B1BF-EA1CE75CECDC}.Release|Any CPU.ActiveCfg = Release|Any CPU
		{64E6D788-D1C7-4268-B1BF-EA1CE75CECDC}.Release|Any CPU.Build.0 = Release|Any CPU
	EndGlobalSection
	GlobalSection(SolutionProperties) = preSolution
		HideSolutionNode = FALSE
	EndGlobalSection
	GlobalSection(ExtensibilityGlobals) = postSolution
		SolutionGuid = {5640E15D-6795-4006-881F-8A63866C31D4}
	EndGlobalSection
EndGlobal
